// !$*UTF8*$!
{
	archiveVersion = 1;
	classes = {
	};
	objectVersion = 55;
	objects = {

/* Begin PBXBuildFile section */
		59B66693E2CCF8BEA5AE73C3 /* Pods_front_end_front_endUITests.framework in Frameworks */ = {isa = PBXBuildFile; fileRef = 1D3EF1E5A38443B55828AFAD /* Pods_front_end_front_endUITests.framework */; };
		881AEBFC29519622004A7CDA /* StreamingProductPriceListTestData.json in Resources */ = {isa = PBXBuildFile; fileRef = 881AEBFB29519622004A7CDA /* StreamingProductPriceListTestData.json */; };
		881AEC00295200CF004A7CDA /* FetchingProductsListTestDataTwo.json in Resources */ = {isa = PBXBuildFile; fileRef = 881AEBFF295200CF004A7CDA /* FetchingProductsListTestDataTwo.json */; };
		882CBE772908285C00550A8E /* Product.swift in Sources */ = {isa = PBXBuildFile; fileRef = 882CBE762908285C00550A8E /* Product.swift */; };
		882CBE8029083DC400550A8E /* ProductListViewController.swift in Sources */ = {isa = PBXBuildFile; fileRef = 882CBE7F29083DC400550A8E /* ProductListViewController.swift */; };
		8870DCA128E5701E005328C0 /* AppDelegate.swift in Sources */ = {isa = PBXBuildFile; fileRef = 8870DCA028E5701E005328C0 /* AppDelegate.swift */; };
		8870DCA328E5701E005328C0 /* SceneDelegate.swift in Sources */ = {isa = PBXBuildFile; fileRef = 8870DCA228E5701E005328C0 /* SceneDelegate.swift */; };
		8870DCA528E5701E005328C0 /* ViewController.swift in Sources */ = {isa = PBXBuildFile; fileRef = 8870DCA428E5701E005328C0 /* ViewController.swift */; };
		8870DCAA28E57020005328C0 /* Assets.xcassets in Resources */ = {isa = PBXBuildFile; fileRef = 8870DCA928E57020005328C0 /* Assets.xcassets */; };
		8870DCAD28E57020005328C0 /* LaunchScreen.storyboard in Resources */ = {isa = PBXBuildFile; fileRef = 8870DCAB28E57020005328C0 /* LaunchScreen.storyboard */; };
		8870DCB828E57020005328C0 /* front_endTests.swift in Sources */ = {isa = PBXBuildFile; fileRef = 8870DCB728E57020005328C0 /* front_endTests.swift */; };
		8870DCC228E57020005328C0 /* front_endUITests.swift in Sources */ = {isa = PBXBuildFile; fileRef = 8870DCC128E57020005328C0 /* front_endUITests.swift */; };
		8870DCC428E57020005328C0 /* front_endUITestsLaunchTests.swift in Sources */ = {isa = PBXBuildFile; fileRef = 8870DCC328E57020005328C0 /* front_endUITestsLaunchTests.swift */; };
		8874F4CA2937394D003981C3 /* ProductImageUsecaseInterface.swift in Sources */ = {isa = PBXBuildFile; fileRef = 8874F4C92937394D003981C3 /* ProductImageUsecaseInterface.swift */; };
		8874F4CE29373D55003981C3 /* ProductImageUseCase+Interface.swift in Sources */ = {isa = PBXBuildFile; fileRef = 8874F4CD29373D55003981C3 /* ProductImageUseCase+Interface.swift */; };
		88769C2D2939074200FDA06A /* ImageTest.json in Resources */ = {isa = PBXBuildFile; fileRef = 88769C2C2939074100FDA06A /* ImageTest.json */; };
		8878025729434399009F4F9A /* ProductImageRepository+Interface.swift in Sources */ = {isa = PBXBuildFile; fileRef = 8878025629434399009F4F9A /* ProductImageRepository+Interface.swift */; };
		8878025929434BF0009F4F9A /* ProductImageRepositoryInterface.swift in Sources */ = {isa = PBXBuildFile; fileRef = 8878025829434BF0009F4F9A /* ProductImageRepositoryInterface.swift */; };
		8878025D29439B66009F4F9A /* ProductImageAPI+GetProductImage.swift in Sources */ = {isa = PBXBuildFile; fileRef = 8878025C29439B66009F4F9A /* ProductImageAPI+GetProductImage.swift */; };
		887D549B295301D200DA2F15 /* ProductListRepository+Interface.swift in Sources */ = {isa = PBXBuildFile; fileRef = 887D549A295301D200DA2F15 /* ProductListRepository+Interface.swift */; };
		887D549D295303DA00DA2F15 /* ProductListUsecase+Interface.swift in Sources */ = {isa = PBXBuildFile; fileRef = 887D549C295303DA00DA2F15 /* ProductListUsecase+Interface.swift */; };
		887D549F2953044000DA2F15 /* ProductListViewModel+Interface.swift in Sources */ = {isa = PBXBuildFile; fileRef = 887D549E2953044000DA2F15 /* ProductListViewModel+Interface.swift */; };
		887D54A12953046400DA2F15 /* ProductListViewModelInterface.swift in Sources */ = {isa = PBXBuildFile; fileRef = 887D54A02953046400DA2F15 /* ProductListViewModelInterface.swift */; };
		8887D14E2935A621005DA3C6 /* HasChildCoordinator.swift in Sources */ = {isa = PBXBuildFile; fileRef = 8887D14D2935A621005DA3C6 /* HasChildCoordinator.swift */; };
		8887D1512935A65C005DA3C6 /* MainContainerViewController.swift in Sources */ = {isa = PBXBuildFile; fileRef = 8887D1502935A65C005DA3C6 /* MainContainerViewController.swift */; };
		8887D1542935A6E5005DA3C6 /* TransitioningViewController.swift in Sources */ = {isa = PBXBuildFile; fileRef = 8887D1532935A6E5005DA3C6 /* TransitioningViewController.swift */; };
		8887D1562935A8EA005DA3C6 /* HasParentCoordinator.swift in Sources */ = {isa = PBXBuildFile; fileRef = 8887D1552935A8EA005DA3C6 /* HasParentCoordinator.swift */; };
		8887D1582935BF78005DA3C6 /* SetCoordinatorViewController.swift in Sources */ = {isa = PBXBuildFile; fileRef = 8887D1572935BF78005DA3C6 /* SetCoordinatorViewController.swift */; };
		8887D15D2936223F005DA3C6 /* TransitionDetailProductViewController.swift in Sources */ = {isa = PBXBuildFile; fileRef = 8887D15C2936223F005DA3C6 /* TransitionDetailProductViewController.swift */; };
		8887D1602936227B005DA3C6 /* TransitionProductListViewController.swift in Sources */ = {isa = PBXBuildFile; fileRef = 8887D15F2936227B005DA3C6 /* TransitionProductListViewController.swift */; };
		888B4D28292F435F00784E46 /* DetailProductViewController.swift in Sources */ = {isa = PBXBuildFile; fileRef = 888B4D27292F435F00784E46 /* DetailProductViewController.swift */; };
		888B4D2B292F43F100784E46 /* AppCoordinator.swift in Sources */ = {isa = PBXBuildFile; fileRef = 888B4D2A292F43F100784E46 /* AppCoordinator.swift */; };
		888B4D2E292F44E100784E46 /* Coordinator.swift in Sources */ = {isa = PBXBuildFile; fileRef = 888B4D2D292F44E100784E46 /* Coordinator.swift */; };
		888B4D30292F453B00784E46 /* ProductListViewCoordinator.swift in Sources */ = {isa = PBXBuildFile; fileRef = 888B4D2F292F453B00784E46 /* ProductListViewCoordinator.swift */; };
		888B4D32292F455A00784E46 /* DetailProductViewCoordinator.swift in Sources */ = {isa = PBXBuildFile; fileRef = 888B4D31292F455A00784E46 /* DetailProductViewCoordinator.swift */; };
		8897C45A292CC09300823980 /* SocketNetworkInterface.swift in Sources */ = {isa = PBXBuildFile; fileRef = 8897C459292CC09200823980 /* SocketNetworkInterface.swift */; };
		8897C45E292CC0CB00823980 /* SocketNetwork+SocketNetworkInterface.swift in Sources */ = {isa = PBXBuildFile; fileRef = 8897C45D292CC0CB00823980 /* SocketNetwork+SocketNetworkInterface.swift */; };
		8897C462292CC22100823980 /* StreamPrice.swift in Sources */ = {isa = PBXBuildFile; fileRef = 8897C461292CC22100823980 /* StreamPrice.swift */; };
		8897C46D292CC8D300823980 /* GetProductsList.swift in Sources */ = {isa = PBXBuildFile; fileRef = 8897C46C292CC8D300823980 /* GetProductsList.swift */; };
		889CCD7029139100008D1E2F /* ProductListCollectionViewCell.swift in Sources */ = {isa = PBXBuildFile; fileRef = 889CCD6F29139100008D1E2F /* ProductListCollectionViewCell.swift */; };
		889CCD7229139B65008D1E2F /* FetchingProductsListTestData.json in Resources */ = {isa = PBXBuildFile; fileRef = 889CCD7129139B65008D1E2F /* FetchingProductsListTestData.json */; };
		889CCD7429139BC3008D1E2F /* MockProductsListAPI.swift in Sources */ = {isa = PBXBuildFile; fileRef = 889CCD7329139BC3008D1E2F /* MockProductsListAPI.swift */; };
		889EE5DC290A41760041CC88 /* ProductsListAPI+GetProductsList.swift in Sources */ = {isa = PBXBuildFile; fileRef = 889EE5DB290A41760041CC88 /* ProductsListAPI+GetProductsList.swift */; };
		88A7FF49295B163200F2E9CD /* SocketNWConnection+SocketNetworkInterface.swift in Sources */ = {isa = PBXBuildFile; fileRef = 88A7FF48295B163200F2E9CD /* SocketNWConnection+SocketNetworkInterface.swift */; };
		88AD9E4029289C0500040DC8 /* SceneDIContainer.swift in Sources */ = {isa = PBXBuildFile; fileRef = 88AD9E3F29289C0500040DC8 /* SceneDIContainer.swift */; };
		88BF04C129557CDB001F7725 /* ProductListUsecaseInterface.swift in Sources */ = {isa = PBXBuildFile; fileRef = 88BF04C029557CDB001F7725 /* ProductListUsecaseInterface.swift */; };
		88BF04C529557F01001F7725 /* ProductListRepositoryInterface.swift in Sources */ = {isa = PBXBuildFile; fileRef = 88BF04C429557F01001F7725 /* ProductListRepositoryInterface.swift */; };
		88C6A0A72967D10C0027BDD3 /* InputStreamDataTransfer.swift in Sources */ = {isa = PBXBuildFile; fileRef = 88C6A0A62967D10C0027BDD3 /* InputStreamDataTransfer.swift */; };
		88C6A0AA2967D2780027BDD3 /* OutputStreamDataTransfer.swift in Sources */ = {isa = PBXBuildFile; fileRef = 88C6A0A92967D2780027BDD3 /* OutputStreamDataTransfer.swift */; };
		88CE016129697043003169B5 /* ProductListCollectionViewCellViewModel+Interface.swift in Sources */ = {isa = PBXBuildFile; fileRef = 88CE016029697043003169B5 /* ProductListCollectionViewCellViewModel+Interface.swift */; };
		88CE016329697057003169B5 /* ProductListCollectionViewCellViewModelInterface.swift in Sources */ = {isa = PBXBuildFile; fileRef = 88CE016229697057003169B5 /* ProductListCollectionViewCellViewModelInterface.swift */; };
		88CE016D29697646003169B5 /* ProductListCollectionViewModelInterface.swift in Sources */ = {isa = PBXBuildFile; fileRef = 88CE016C29697646003169B5 /* ProductListCollectionViewModelInterface.swift */; };
		88CE016F29697660003169B5 /* ProductListCollectionViewLayoutViewModelInterface.swift in Sources */ = {isa = PBXBuildFile; fileRef = 88CE016E29697660003169B5 /* ProductListCollectionViewLayoutViewModelInterface.swift */; };
		88CE0171296983F0003169B5 /* ProductImageCacheRepository.swift in Sources */ = {isa = PBXBuildFile; fileRef = 88CE0170296983F0003169B5 /* ProductImageCacheRepository.swift */; };
		88CE01732969840A003169B5 /* ProductImageCacheRepositoryInterface.swift in Sources */ = {isa = PBXBuildFile; fileRef = 88CE01722969840A003169B5 /* ProductImageCacheRepositoryInterface.swift */; };
		88CE01752969B6F8003169B5 /* ProductListViewModel+CollectionViewModelInterface.swift in Sources */ = {isa = PBXBuildFile; fileRef = 88CE01742969B6F8003169B5 /* ProductListViewModel+CollectionViewModelInterface.swift */; };
		88CE01772969B73A003169B5 /* ProductListViewModel+CollectionViewLayoutViewModelInterface.swift in Sources */ = {isa = PBXBuildFile; fileRef = 88CE01762969B73A003169B5 /* ProductListViewModel+CollectionViewLayoutViewModelInterface.swift */; };
		88D2178A296456DC00715D2F /* OutputStreamCompletionHandler.swift in Sources */ = {isa = PBXBuildFile; fileRef = 88D21789296456DC00715D2F /* OutputStreamCompletionHandler.swift */; };
		88E712AE2912C16000E54378 /* ProductListCollectionView.swift in Sources */ = {isa = PBXBuildFile; fileRef = 88E712AD2912C16000E54378 /* ProductListCollectionView.swift */; };
		88E712B22912C28B00E54378 /* ProductListCollectionViewLayout.swift in Sources */ = {isa = PBXBuildFile; fileRef = 88E712B12912C28B00E54378 /* ProductListCollectionViewLayout.swift */; };
		B43726FBB31028C580A834AE /* Pods_front_endTests.framework in Frameworks */ = {isa = PBXBuildFile; fileRef = 3C01433575DCFF3D0B52FBE6 /* Pods_front_endTests.framework */; };
		CEEC3B3DF45D4B0D571116C8 /* Pods_front_end.framework in Frameworks */ = {isa = PBXBuildFile; fileRef = 87AAE45A0A5EAE0B6E8BBD4E /* Pods_front_end.framework */; };
/* End PBXBuildFile section */

/* Begin PBXContainerItemProxy section */
		8870DCB428E57020005328C0 /* PBXContainerItemProxy */ = {
			isa = PBXContainerItemProxy;
			containerPortal = 8870DC9528E5701E005328C0 /* Project object */;
			proxyType = 1;
			remoteGlobalIDString = 8870DC9C28E5701E005328C0;
			remoteInfo = "front-end";
		};
		8870DCBE28E57020005328C0 /* PBXContainerItemProxy */ = {
			isa = PBXContainerItemProxy;
			containerPortal = 8870DC9528E5701E005328C0 /* Project object */;
			proxyType = 1;
			remoteGlobalIDString = 8870DC9C28E5701E005328C0;
			remoteInfo = "front-end";
		};
/* End PBXContainerItemProxy section */

/* Begin PBXFileReference section */
		0A88A6B9FE729D3BC4FE7BD5 /* Pods-front-end-front-endUITests.release.xcconfig */ = {isa = PBXFileReference; includeInIndex = 1; lastKnownFileType = text.xcconfig; name = "Pods-front-end-front-endUITests.release.xcconfig"; path = "Target Support Files/Pods-front-end-front-endUITests/Pods-front-end-front-endUITests.release.xcconfig"; sourceTree = "<group>"; };
		11BCC343618621B1CB3F5407 /* Pods-front-end.debug.xcconfig */ = {isa = PBXFileReference; includeInIndex = 1; lastKnownFileType = text.xcconfig; name = "Pods-front-end.debug.xcconfig"; path = "Target Support Files/Pods-front-end/Pods-front-end.debug.xcconfig"; sourceTree = "<group>"; };
		1236B03A35BCF4827FF17BB3 /* Pods-front-end.release.xcconfig */ = {isa = PBXFileReference; includeInIndex = 1; lastKnownFileType = text.xcconfig; name = "Pods-front-end.release.xcconfig"; path = "Target Support Files/Pods-front-end/Pods-front-end.release.xcconfig"; sourceTree = "<group>"; };
		1D3EF1E5A38443B55828AFAD /* Pods_front_end_front_endUITests.framework */ = {isa = PBXFileReference; explicitFileType = wrapper.framework; includeInIndex = 0; path = Pods_front_end_front_endUITests.framework; sourceTree = BUILT_PRODUCTS_DIR; };
		3C01433575DCFF3D0B52FBE6 /* Pods_front_endTests.framework */ = {isa = PBXFileReference; explicitFileType = wrapper.framework; includeInIndex = 0; path = Pods_front_endTests.framework; sourceTree = BUILT_PRODUCTS_DIR; };
		56E313DACEA5D18E890E0DDE /* Pods-front-endTests.debug.xcconfig */ = {isa = PBXFileReference; includeInIndex = 1; lastKnownFileType = text.xcconfig; name = "Pods-front-endTests.debug.xcconfig"; path = "Target Support Files/Pods-front-endTests/Pods-front-endTests.debug.xcconfig"; sourceTree = "<group>"; };
		829F5E3BBD8EC133D400B1C7 /* Pods-front-end-front-endUITests.debug.xcconfig */ = {isa = PBXFileReference; includeInIndex = 1; lastKnownFileType = text.xcconfig; name = "Pods-front-end-front-endUITests.debug.xcconfig"; path = "Target Support Files/Pods-front-end-front-endUITests/Pods-front-end-front-endUITests.debug.xcconfig"; sourceTree = "<group>"; };
		87AAE45A0A5EAE0B6E8BBD4E /* Pods_front_end.framework */ = {isa = PBXFileReference; explicitFileType = wrapper.framework; includeInIndex = 0; path = Pods_front_end.framework; sourceTree = BUILT_PRODUCTS_DIR; };
		881AEBFB29519622004A7CDA /* StreamingProductPriceListTestData.json */ = {isa = PBXFileReference; lastKnownFileType = text.json; path = StreamingProductPriceListTestData.json; sourceTree = "<group>"; };
		881AEBFF295200CF004A7CDA /* FetchingProductsListTestDataTwo.json */ = {isa = PBXFileReference; lastKnownFileType = text.json; path = FetchingProductsListTestDataTwo.json; sourceTree = "<group>"; };
		882CBE762908285C00550A8E /* Product.swift */ = {isa = PBXFileReference; lastKnownFileType = sourcecode.swift; path = Product.swift; sourceTree = "<group>"; };
		882CBE7F29083DC400550A8E /* ProductListViewController.swift */ = {isa = PBXFileReference; lastKnownFileType = sourcecode.swift; path = ProductListViewController.swift; sourceTree = "<group>"; };
		8870DC9D28E5701E005328C0 /* front-end-DEBUG.app */ = {isa = PBXFileReference; explicitFileType = wrapper.application; includeInIndex = 0; path = "front-end-DEBUG.app"; sourceTree = BUILT_PRODUCTS_DIR; };
		8870DCA028E5701E005328C0 /* AppDelegate.swift */ = {isa = PBXFileReference; lastKnownFileType = sourcecode.swift; path = AppDelegate.swift; sourceTree = "<group>"; };
		8870DCA228E5701E005328C0 /* SceneDelegate.swift */ = {isa = PBXFileReference; lastKnownFileType = sourcecode.swift; path = SceneDelegate.swift; sourceTree = "<group>"; };
		8870DCA428E5701E005328C0 /* ViewController.swift */ = {isa = PBXFileReference; lastKnownFileType = sourcecode.swift; path = ViewController.swift; sourceTree = "<group>"; };
		8870DCA928E57020005328C0 /* Assets.xcassets */ = {isa = PBXFileReference; lastKnownFileType = folder.assetcatalog; path = Assets.xcassets; sourceTree = "<group>"; };
		8870DCAC28E57020005328C0 /* Base */ = {isa = PBXFileReference; lastKnownFileType = file.storyboard; name = Base; path = Base.lproj/LaunchScreen.storyboard; sourceTree = "<group>"; };
		8870DCAE28E57020005328C0 /* Info.plist */ = {isa = PBXFileReference; lastKnownFileType = text.plist.xml; path = Info.plist; sourceTree = "<group>"; };
		8870DCB328E57020005328C0 /* front-endTests.xctest */ = {isa = PBXFileReference; explicitFileType = wrapper.cfbundle; includeInIndex = 0; path = "front-endTests.xctest"; sourceTree = BUILT_PRODUCTS_DIR; };
		8870DCB728E57020005328C0 /* front_endTests.swift */ = {isa = PBXFileReference; lastKnownFileType = sourcecode.swift; path = front_endTests.swift; sourceTree = "<group>"; };
		8870DCBD28E57020005328C0 /* front-endUITests.xctest */ = {isa = PBXFileReference; explicitFileType = wrapper.cfbundle; includeInIndex = 0; path = "front-endUITests.xctest"; sourceTree = BUILT_PRODUCTS_DIR; };
		8870DCC128E57020005328C0 /* front_endUITests.swift */ = {isa = PBXFileReference; lastKnownFileType = sourcecode.swift; path = front_endUITests.swift; sourceTree = "<group>"; };
		8870DCC328E57020005328C0 /* front_endUITestsLaunchTests.swift */ = {isa = PBXFileReference; lastKnownFileType = sourcecode.swift; path = front_endUITestsLaunchTests.swift; sourceTree = "<group>"; };
		8874F4C92937394D003981C3 /* ProductImageUsecaseInterface.swift */ = {isa = PBXFileReference; lastKnownFileType = sourcecode.swift; path = ProductImageUsecaseInterface.swift; sourceTree = "<group>"; };
		8874F4CD29373D55003981C3 /* ProductImageUseCase+Interface.swift */ = {isa = PBXFileReference; lastKnownFileType = sourcecode.swift; path = "ProductImageUseCase+Interface.swift"; sourceTree = "<group>"; };
		88769C2C2939074100FDA06A /* ImageTest.json */ = {isa = PBXFileReference; lastKnownFileType = text.json; path = ImageTest.json; sourceTree = "<group>"; };
		8878025629434399009F4F9A /* ProductImageRepository+Interface.swift */ = {isa = PBXFileReference; lastKnownFileType = sourcecode.swift; path = "ProductImageRepository+Interface.swift"; sourceTree = "<group>"; };
		8878025829434BF0009F4F9A /* ProductImageRepositoryInterface.swift */ = {isa = PBXFileReference; lastKnownFileType = sourcecode.swift; path = ProductImageRepositoryInterface.swift; sourceTree = "<group>"; };
		8878025C29439B66009F4F9A /* ProductImageAPI+GetProductImage.swift */ = {isa = PBXFileReference; lastKnownFileType = sourcecode.swift; path = "ProductImageAPI+GetProductImage.swift"; sourceTree = "<group>"; };
		887D549A295301D200DA2F15 /* ProductListRepository+Interface.swift */ = {isa = PBXFileReference; lastKnownFileType = sourcecode.swift; path = "ProductListRepository+Interface.swift"; sourceTree = "<group>"; };
		887D549C295303DA00DA2F15 /* ProductListUsecase+Interface.swift */ = {isa = PBXFileReference; lastKnownFileType = sourcecode.swift; path = "ProductListUsecase+Interface.swift"; sourceTree = "<group>"; };
		887D549E2953044000DA2F15 /* ProductListViewModel+Interface.swift */ = {isa = PBXFileReference; lastKnownFileType = sourcecode.swift; path = "ProductListViewModel+Interface.swift"; sourceTree = "<group>"; };
		887D54A02953046400DA2F15 /* ProductListViewModelInterface.swift */ = {isa = PBXFileReference; lastKnownFileType = sourcecode.swift; path = ProductListViewModelInterface.swift; sourceTree = "<group>"; };
		8887D14D2935A621005DA3C6 /* HasChildCoordinator.swift */ = {isa = PBXFileReference; lastKnownFileType = sourcecode.swift; path = HasChildCoordinator.swift; sourceTree = "<group>"; };
		8887D1502935A65C005DA3C6 /* MainContainerViewController.swift */ = {isa = PBXFileReference; lastKnownFileType = sourcecode.swift; path = MainContainerViewController.swift; sourceTree = "<group>"; };
		8887D1532935A6E5005DA3C6 /* TransitioningViewController.swift */ = {isa = PBXFileReference; lastKnownFileType = sourcecode.swift; path = TransitioningViewController.swift; sourceTree = "<group>"; };
		8887D1552935A8EA005DA3C6 /* HasParentCoordinator.swift */ = {isa = PBXFileReference; lastKnownFileType = sourcecode.swift; path = HasParentCoordinator.swift; sourceTree = "<group>"; };
		8887D1572935BF78005DA3C6 /* SetCoordinatorViewController.swift */ = {isa = PBXFileReference; lastKnownFileType = sourcecode.swift; path = SetCoordinatorViewController.swift; sourceTree = "<group>"; };
		8887D15C2936223F005DA3C6 /* TransitionDetailProductViewController.swift */ = {isa = PBXFileReference; lastKnownFileType = sourcecode.swift; path = TransitionDetailProductViewController.swift; sourceTree = "<group>"; };
		8887D15F2936227B005DA3C6 /* TransitionProductListViewController.swift */ = {isa = PBXFileReference; lastKnownFileType = sourcecode.swift; path = TransitionProductListViewController.swift; sourceTree = "<group>"; };
		888B4D27292F435F00784E46 /* DetailProductViewController.swift */ = {isa = PBXFileReference; lastKnownFileType = sourcecode.swift; path = DetailProductViewController.swift; sourceTree = "<group>"; };
		888B4D2A292F43F100784E46 /* AppCoordinator.swift */ = {isa = PBXFileReference; lastKnownFileType = sourcecode.swift; path = AppCoordinator.swift; sourceTree = "<group>"; };
		888B4D2D292F44E100784E46 /* Coordinator.swift */ = {isa = PBXFileReference; lastKnownFileType = sourcecode.swift; path = Coordinator.swift; sourceTree = "<group>"; };
		888B4D2F292F453B00784E46 /* ProductListViewCoordinator.swift */ = {isa = PBXFileReference; lastKnownFileType = sourcecode.swift; path = ProductListViewCoordinator.swift; sourceTree = "<group>"; };
		888B4D31292F455A00784E46 /* DetailProductViewCoordinator.swift */ = {isa = PBXFileReference; lastKnownFileType = sourcecode.swift; path = DetailProductViewCoordinator.swift; sourceTree = "<group>"; };
		889532C828E5833F00C3293F /* DEBUG_Configuration.xcconfig */ = {isa = PBXFileReference; lastKnownFileType = text.xcconfig; path = DEBUG_Configuration.xcconfig; sourceTree = "<group>"; };
		8897C459292CC09200823980 /* SocketNetworkInterface.swift */ = {isa = PBXFileReference; lastKnownFileType = sourcecode.swift; path = SocketNetworkInterface.swift; sourceTree = "<group>"; };
		8897C45D292CC0CB00823980 /* SocketNetwork+SocketNetworkInterface.swift */ = {isa = PBXFileReference; lastKnownFileType = sourcecode.swift; path = "SocketNetwork+SocketNetworkInterface.swift"; sourceTree = "<group>"; };
		8897C461292CC22100823980 /* StreamPrice.swift */ = {isa = PBXFileReference; lastKnownFileType = sourcecode.swift; path = StreamPrice.swift; sourceTree = "<group>"; };
		8897C46C292CC8D300823980 /* GetProductsList.swift */ = {isa = PBXFileReference; lastKnownFileType = sourcecode.swift; path = GetProductsList.swift; sourceTree = "<group>"; };
		889CCD6F29139100008D1E2F /* ProductListCollectionViewCell.swift */ = {isa = PBXFileReference; lastKnownFileType = sourcecode.swift; path = ProductListCollectionViewCell.swift; sourceTree = "<group>"; };
		889CCD7129139B65008D1E2F /* FetchingProductsListTestData.json */ = {isa = PBXFileReference; lastKnownFileType = text.json; path = FetchingProductsListTestData.json; sourceTree = "<group>"; };
		889CCD7329139BC3008D1E2F /* MockProductsListAPI.swift */ = {isa = PBXFileReference; lastKnownFileType = sourcecode.swift; path = MockProductsListAPI.swift; sourceTree = "<group>"; };
		889EE5DB290A41760041CC88 /* ProductsListAPI+GetProductsList.swift */ = {isa = PBXFileReference; lastKnownFileType = sourcecode.swift; path = "ProductsListAPI+GetProductsList.swift"; sourceTree = "<group>"; };
		88A34F6D28E6E3FF0067209F /* Release_Configuration.xcconfig */ = {isa = PBXFileReference; lastKnownFileType = text.xcconfig; path = Release_Configuration.xcconfig; sourceTree = "<group>"; };
		88A7FF48295B163200F2E9CD /* SocketNWConnection+SocketNetworkInterface.swift */ = {isa = PBXFileReference; lastKnownFileType = sourcecode.swift; path = "SocketNWConnection+SocketNetworkInterface.swift"; sourceTree = "<group>"; };
		88AD9E3F29289C0500040DC8 /* SceneDIContainer.swift */ = {isa = PBXFileReference; lastKnownFileType = sourcecode.swift; path = SceneDIContainer.swift; sourceTree = "<group>"; };
		88BF04C029557CDB001F7725 /* ProductListUsecaseInterface.swift */ = {isa = PBXFileReference; lastKnownFileType = sourcecode.swift; path = ProductListUsecaseInterface.swift; sourceTree = "<group>"; };
		88BF04C429557F01001F7725 /* ProductListRepositoryInterface.swift */ = {isa = PBXFileReference; lastKnownFileType = sourcecode.swift; path = ProductListRepositoryInterface.swift; sourceTree = "<group>"; };
		88C6A0A62967D10C0027BDD3 /* InputStreamDataTransfer.swift */ = {isa = PBXFileReference; lastKnownFileType = sourcecode.swift; path = InputStreamDataTransfer.swift; sourceTree = "<group>"; };
		88C6A0A92967D2780027BDD3 /* OutputStreamDataTransfer.swift */ = {isa = PBXFileReference; lastKnownFileType = sourcecode.swift; path = OutputStreamDataTransfer.swift; sourceTree = "<group>"; };
		88CE016029697043003169B5 /* ProductListCollectionViewCellViewModel+Interface.swift */ = {isa = PBXFileReference; lastKnownFileType = sourcecode.swift; path = "ProductListCollectionViewCellViewModel+Interface.swift"; sourceTree = "<group>"; };
		88CE016229697057003169B5 /* ProductListCollectionViewCellViewModelInterface.swift */ = {isa = PBXFileReference; lastKnownFileType = sourcecode.swift; path = ProductListCollectionViewCellViewModelInterface.swift; sourceTree = "<group>"; };
		88CE016C29697646003169B5 /* ProductListCollectionViewModelInterface.swift */ = {isa = PBXFileReference; lastKnownFileType = sourcecode.swift; path = ProductListCollectionViewModelInterface.swift; sourceTree = "<group>"; };
		88CE016E29697660003169B5 /* ProductListCollectionViewLayoutViewModelInterface.swift */ = {isa = PBXFileReference; lastKnownFileType = sourcecode.swift; path = ProductListCollectionViewLayoutViewModelInterface.swift; sourceTree = "<group>"; };
		88CE0170296983F0003169B5 /* ProductImageCacheRepository.swift */ = {isa = PBXFileReference; lastKnownFileType = sourcecode.swift; path = ProductImageCacheRepository.swift; sourceTree = "<group>"; };
		88CE01722969840A003169B5 /* ProductImageCacheRepositoryInterface.swift */ = {isa = PBXFileReference; lastKnownFileType = sourcecode.swift; path = ProductImageCacheRepositoryInterface.swift; sourceTree = "<group>"; };
		88CE01742969B6F8003169B5 /* ProductListViewModel+CollectionViewModelInterface.swift */ = {isa = PBXFileReference; lastKnownFileType = sourcecode.swift; path = "ProductListViewModel+CollectionViewModelInterface.swift"; sourceTree = "<group>"; };
		88CE01762969B73A003169B5 /* ProductListViewModel+CollectionViewLayoutViewModelInterface.swift */ = {isa = PBXFileReference; lastKnownFileType = sourcecode.swift; path = "ProductListViewModel+CollectionViewLayoutViewModelInterface.swift"; sourceTree = "<group>"; };
		88D21789296456DC00715D2F /* OutputStreamCompletionHandler.swift */ = {isa = PBXFileReference; lastKnownFileType = sourcecode.swift; path = OutputStreamCompletionHandler.swift; sourceTree = "<group>"; };
		88E712AD2912C16000E54378 /* ProductListCollectionView.swift */ = {isa = PBXFileReference; lastKnownFileType = sourcecode.swift; path = ProductListCollectionView.swift; sourceTree = "<group>"; };
		88E712B12912C28B00E54378 /* ProductListCollectionViewLayout.swift */ = {isa = PBXFileReference; lastKnownFileType = sourcecode.swift; path = ProductListCollectionViewLayout.swift; sourceTree = "<group>"; };
		C106EA739AEFD2580B4EFDAC /* Pods-front-endTests.release.xcconfig */ = {isa = PBXFileReference; includeInIndex = 1; lastKnownFileType = text.xcconfig; name = "Pods-front-endTests.release.xcconfig"; path = "Target Support Files/Pods-front-endTests/Pods-front-endTests.release.xcconfig"; sourceTree = "<group>"; };
/* End PBXFileReference section */

/* Begin PBXFrameworksBuildPhase section */
		8870DC9A28E5701E005328C0 /* Frameworks */ = {
			isa = PBXFrameworksBuildPhase;
			buildActionMask = 2147483647;
			files = (
				CEEC3B3DF45D4B0D571116C8 /* Pods_front_end.framework in Frameworks */,
			);
			runOnlyForDeploymentPostprocessing = 0;
		};
		8870DCB028E57020005328C0 /* Frameworks */ = {
			isa = PBXFrameworksBuildPhase;
			buildActionMask = 2147483647;
			files = (
				B43726FBB31028C580A834AE /* Pods_front_endTests.framework in Frameworks */,
			);
			runOnlyForDeploymentPostprocessing = 0;
		};
		8870DCBA28E57020005328C0 /* Frameworks */ = {
			isa = PBXFrameworksBuildPhase;
			buildActionMask = 2147483647;
			files = (
				59B66693E2CCF8BEA5AE73C3 /* Pods_front_end_front_endUITests.framework in Frameworks */,
			);
			runOnlyForDeploymentPostprocessing = 0;
		};
/* End PBXFrameworksBuildPhase section */

/* Begin PBXGroup section */
		44154CCB9A4A1DD8F06F3B7D /* Pods */ = {
			isa = PBXGroup;
			children = (
				11BCC343618621B1CB3F5407 /* Pods-front-end.debug.xcconfig */,
				1236B03A35BCF4827FF17BB3 /* Pods-front-end.release.xcconfig */,
				829F5E3BBD8EC133D400B1C7 /* Pods-front-end-front-endUITests.debug.xcconfig */,
				0A88A6B9FE729D3BC4FE7BD5 /* Pods-front-end-front-endUITests.release.xcconfig */,
				56E313DACEA5D18E890E0DDE /* Pods-front-endTests.debug.xcconfig */,
				C106EA739AEFD2580B4EFDAC /* Pods-front-endTests.release.xcconfig */,
			);
			path = Pods;
			sourceTree = "<group>";
		};
		8828337D28FDAB64004DD57E /* Configure */ = {
			isa = PBXGroup;
			children = (
				889532C828E5833F00C3293F /* DEBUG_Configuration.xcconfig */,
				88A34F6D28E6E3FF0067209F /* Release_Configuration.xcconfig */,
			);
			path = Configure;
			sourceTree = "<group>";
		};
		882CBE74290827E300550A8E /* Entity */ = {
			isa = PBXGroup;
			children = (
				8874F4C2293738D9003981C3 /* Product */,
			);
			path = Entity;
			sourceTree = "<group>";
		};
		882CBE782908289100550A8E /* UseCases */ = {
			isa = PBXGroup;
			children = (
				88BF04C729558220001F7725 /* Extensions */,
				882CBE7C29083D7900550A8E /* Protocol */,
			);
			path = UseCases;
			sourceTree = "<group>";
		};
		882CBE7C29083D7900550A8E /* Protocol */ = {
			isa = PBXGroup;
			children = (
				8874F4C92937394D003981C3 /* ProductImageUsecaseInterface.swift */,
				88BF04C029557CDB001F7725 /* ProductListUsecaseInterface.swift */,
			);
			path = Protocol;
			sourceTree = "<group>";
		};
		882CBE8129083DD000550A8E /* Utils */ = {
			isa = PBXGroup;
			children = (
				8887D15A29361BE2005DA3C6 /* Protocols */,
			);
			path = Utils;
			sourceTree = "<group>";
		};
		882CBE8829083E9900550A8E /* Protocols */ = {
			isa = PBXGroup;
			children = (
				8878025829434BF0009F4F9A /* ProductImageRepositoryInterface.swift */,
				88BF04C429557F01001F7725 /* ProductListRepositoryInterface.swift */,
				88CE01722969840A003169B5 /* ProductImageCacheRepositoryInterface.swift */,
			);
			path = Protocols;
			sourceTree = "<group>";
		};
		882CBE9529084B0F00550A8E /* Extensions */ = {
			isa = PBXGroup;
			children = (
				8878025629434399009F4F9A /* ProductImageRepository+Interface.swift */,
				887D549A295301D200DA2F15 /* ProductListRepository+Interface.swift */,
				88CE0170296983F0003169B5 /* ProductImageCacheRepository.swift */,
			);
			path = Extensions;
			sourceTree = "<group>";
		};
		8870DC9428E5701E005328C0 = {
			isa = PBXGroup;
			children = (
				8870DC9F28E5701E005328C0 /* front-end */,
				8870DCB628E57020005328C0 /* front-endTests */,
				8870DCC028E57020005328C0 /* front-endUITests */,
				8870DC9E28E5701E005328C0 /* Products */,
				44154CCB9A4A1DD8F06F3B7D /* Pods */,
				CB07073260E2E57D23CBC4B2 /* Frameworks */,
			);
			sourceTree = "<group>";
		};
		8870DC9E28E5701E005328C0 /* Products */ = {
			isa = PBXGroup;
			children = (
				8870DC9D28E5701E005328C0 /* front-end-DEBUG.app */,
				8870DCB328E57020005328C0 /* front-endTests.xctest */,
				8870DCBD28E57020005328C0 /* front-endUITests.xctest */,
			);
			name = Products;
			sourceTree = "<group>";
		};
		8870DC9F28E5701E005328C0 /* front-end */ = {
			isa = PBXGroup;
			children = (
				889532C728E57C7300C3293F /* Infrastructure */,
				889532C628E57C3200C3293F /* Data */,
				889532C528E57C3000C3293F /* Presentation */,
				889532C428E57C2D00C3293F /* Domain */,
				889532C328E57C2B00C3293F /* Application */,
			);
			path = "front-end";
			sourceTree = "<group>";
		};
		8870DCB628E57020005328C0 /* front-endTests */ = {
			isa = PBXGroup;
			children = (
				8870DCB728E57020005328C0 /* front_endTests.swift */,
			);
			path = "front-endTests";
			sourceTree = "<group>";
		};
		8870DCC028E57020005328C0 /* front-endUITests */ = {
			isa = PBXGroup;
			children = (
				8870DCC128E57020005328C0 /* front_endUITests.swift */,
				8870DCC328E57020005328C0 /* front_endUITestsLaunchTests.swift */,
			);
			path = "front-endUITests";
			sourceTree = "<group>";
		};
		8874F4C2293738D9003981C3 /* Product */ = {
			isa = PBXGroup;
			children = (
				882CBE762908285C00550A8E /* Product.swift */,
				8897C461292CC22100823980 /* StreamPrice.swift */,
			);
			path = Product;
			sourceTree = "<group>";
		};
		88769C282938B2B800FDA06A /* Views */ = {
			isa = PBXGroup;
			children = (
				8887D1502935A65C005DA3C6 /* MainContainerViewController.swift */,
			);
			path = Views;
			sourceTree = "<group>";
		};
		88769C292938B2C000FDA06A /* Views */ = {
			isa = PBXGroup;
			children = (
				888B4D27292F435F00784E46 /* DetailProductViewController.swift */,
			);
			path = Views;
			sourceTree = "<group>";
		};
		8887D14F2935A642005DA3C6 /* Container */ = {
			isa = PBXGroup;
			children = (
				88769C282938B2B800FDA06A /* Views */,
				8887D1522935A6D6005DA3C6 /* Protocols */,
			);
			path = Container;
			sourceTree = "<group>";
		};
		8887D1522935A6D6005DA3C6 /* Protocols */ = {
			isa = PBXGroup;
			children = (
				8887D1532935A6E5005DA3C6 /* TransitioningViewController.swift */,
			);
			path = Protocols;
			sourceTree = "<group>";
		};
		8887D15A29361BE2005DA3C6 /* Protocols */ = {
			isa = PBXGroup;
			children = (
				8887D1572935BF78005DA3C6 /* SetCoordinatorViewController.swift */,
			);
			path = Protocols;
			sourceTree = "<group>";
		};
		8887D15B2936222C005DA3C6 /* Protocols */ = {
			isa = PBXGroup;
			children = (
				8887D15C2936223F005DA3C6 /* TransitionDetailProductViewController.swift */,
			);
			path = Protocols;
			sourceTree = "<group>";
		};
		8887D15E2936226C005DA3C6 /* Transition */ = {
			isa = PBXGroup;
			children = (
				8887D15F2936227B005DA3C6 /* TransitionProductListViewController.swift */,
			);
			path = Transition;
			sourceTree = "<group>";
		};
		888B4D26292F434600784E46 /* DetailProducts */ = {
			isa = PBXGroup;
			children = (
				88769C292938B2C000FDA06A /* Views */,
				8887D15B2936222C005DA3C6 /* Protocols */,
			);
			path = DetailProducts;
			sourceTree = "<group>";
		};
		888B4D29292F43BF00784E46 /* Coordinator */ = {
			isa = PBXGroup;
			children = (
				888B4D2C292F43FD00784E46 /* Protocol */,
				888B4D2A292F43F100784E46 /* AppCoordinator.swift */,
				888B4D2F292F453B00784E46 /* ProductListViewCoordinator.swift */,
				888B4D31292F455A00784E46 /* DetailProductViewCoordinator.swift */,
			);
			path = Coordinator;
			sourceTree = "<group>";
		};
		888B4D2C292F43FD00784E46 /* Protocol */ = {
			isa = PBXGroup;
			children = (
				888B4D2D292F44E100784E46 /* Coordinator.swift */,
				8887D14D2935A621005DA3C6 /* HasChildCoordinator.swift */,
				8887D1552935A8EA005DA3C6 /* HasParentCoordinator.swift */,
			);
			path = Protocol;
			sourceTree = "<group>";
		};
		889532C328E57C2B00C3293F /* Application */ = {
			isa = PBXGroup;
			children = (
				888B4D29292F43BF00784E46 /* Coordinator */,
				889E7FC32906E86B00CABC25 /* DIContainer */,
				8828337D28FDAB64004DD57E /* Configure */,
				8870DCAE28E57020005328C0 /* Info.plist */,
				8870DCA028E5701E005328C0 /* AppDelegate.swift */,
				8870DCA228E5701E005328C0 /* SceneDelegate.swift */,
				8870DCA428E5701E005328C0 /* ViewController.swift */,
				8870DCA928E57020005328C0 /* Assets.xcassets */,
				8870DCAB28E57020005328C0 /* LaunchScreen.storyboard */,
			);
			path = Application;
			sourceTree = "<group>";
		};
		889532C428E57C2D00C3293F /* Domain */ = {
			isa = PBXGroup;
			children = (
				882CBE74290827E300550A8E /* Entity */,
				882CBE782908289100550A8E /* UseCases */,
			);
			path = Domain;
			sourceTree = "<group>";
		};
		889532C528E57C3000C3293F /* Presentation */ = {
			isa = PBXGroup;
			children = (
				888B4D26292F434600784E46 /* DetailProducts */,
				8897C468292CC7DA00823980 /* ProductsList */,
				8887D14F2935A642005DA3C6 /* Container */,
				882CBE8129083DD000550A8E /* Utils */,
			);
			path = Presentation;
			sourceTree = "<group>";
		};
		889532C628E57C3200C3293F /* Data */ = {
			isa = PBXGroup;
			children = (
				882CBE8829083E9900550A8E /* Protocols */,
				882CBE9529084B0F00550A8E /* Extensions */,
			);
			path = Data;
			sourceTree = "<group>";
		};
		889532C728E57C7300C3293F /* Infrastructure */ = {
			isa = PBXGroup;
			children = (
				88D217882964567900715D2F /* Utils */,
				88A7FF47295ABE3C00F2E9CD /* MockData */,
				8897C467292CC3F300823980 /* HTTP */,
				8897C457292CC07200823980 /* TCP_Socket */,
			);
			path = Infrastructure;
			sourceTree = "<group>";
		};
		8897C457292CC07200823980 /* TCP_Socket */ = {
			isa = PBXGroup;
			children = (
				8897C45C292CC0B500823980 /* Extensions */,
				8897C458292CC07F00823980 /* Protocols */,
			);
			path = TCP_Socket;
			sourceTree = "<group>";
		};
		8897C458292CC07F00823980 /* Protocols */ = {
			isa = PBXGroup;
			children = (
				8897C459292CC09200823980 /* SocketNetworkInterface.swift */,
			);
			path = Protocols;
			sourceTree = "<group>";
		};
		8897C45C292CC0B500823980 /* Extensions */ = {
			isa = PBXGroup;
			children = (
				8897C45D292CC0CB00823980 /* SocketNetwork+SocketNetworkInterface.swift */,
				88A7FF48295B163200F2E9CD /* SocketNWConnection+SocketNetworkInterface.swift */,
			);
			path = Extensions;
			sourceTree = "<group>";
		};
		8897C467292CC3F300823980 /* HTTP */ = {
			isa = PBXGroup;
			children = (
				8897C46B292CC8BF00823980 /* Extensions */,
				8897C46A292CC8B200823980 /* Protocols */,
				889CCD7329139BC3008D1E2F /* MockProductsListAPI.swift */,
			);
			path = HTTP;
			sourceTree = "<group>";
		};
		8897C468292CC7DA00823980 /* ProductsList */ = {
			isa = PBXGroup;
			children = (
				88CE0167296975D2003169B5 /* ProductListCollectionViewCell */,
				88CE0166296975BC003169B5 /* ProductListCollectionViewLayout */,
				88CE0165296975AE003169B5 /* ProductListCollectionView */,
				88CE0164296975A2003169B5 /* ProductListViewController */,
			);
			path = ProductsList;
			sourceTree = "<group>";
		};
		8897C46A292CC8B200823980 /* Protocols */ = {
			isa = PBXGroup;
			children = (
				8897C46C292CC8D300823980 /* GetProductsList.swift */,
			);
			path = Protocols;
			sourceTree = "<group>";
		};
		8897C46B292CC8BF00823980 /* Extensions */ = {
			isa = PBXGroup;
			children = (
				889EE5DB290A41760041CC88 /* ProductsListAPI+GetProductsList.swift */,
				8878025C29439B66009F4F9A /* ProductImageAPI+GetProductImage.swift */,
			);
			path = Extensions;
			sourceTree = "<group>";
		};
		889E7FC32906E86B00CABC25 /* DIContainer */ = {
			isa = PBXGroup;
			children = (
				88AD9E3F29289C0500040DC8 /* SceneDIContainer.swift */,
			);
			path = DIContainer;
			sourceTree = "<group>";
		};
		88A7FF47295ABE3C00F2E9CD /* MockData */ = {
			isa = PBXGroup;
			children = (
				881AEBFF295200CF004A7CDA /* FetchingProductsListTestDataTwo.json */,
				881AEBFB29519622004A7CDA /* StreamingProductPriceListTestData.json */,
				889CCD7129139B65008D1E2F /* FetchingProductsListTestData.json */,
				88769C2C2939074100FDA06A /* ImageTest.json */,
			);
			path = MockData;
			sourceTree = "<group>";
		};
		88BF04C729558220001F7725 /* Extensions */ = {
			isa = PBXGroup;
			children = (
				8874F4CD29373D55003981C3 /* ProductImageUseCase+Interface.swift */,
				887D549C295303DA00DA2F15 /* ProductListUsecase+Interface.swift */,
			);
			path = Extensions;
			sourceTree = "<group>";
		};
		88CE0164296975A2003169B5 /* ProductListViewController */ = {
			isa = PBXGroup;
			children = (
				8887D15E2936226C005DA3C6 /* Transition */,
				88CE016B2969761A003169B5 /* ViewModel */,
				882CBE7F29083DC400550A8E /* ProductListViewController.swift */,
			);
			path = ProductListViewController;
			sourceTree = "<group>";
		};
		88CE0165296975AE003169B5 /* ProductListCollectionView */ = {
			isa = PBXGroup;
			children = (
				88CE016A29697612003169B5 /* ViewModel */,
				88E712AD2912C16000E54378 /* ProductListCollectionView.swift */,
			);
			path = ProductListCollectionView;
			sourceTree = "<group>";
		};
		88CE0166296975BC003169B5 /* ProductListCollectionViewLayout */ = {
			isa = PBXGroup;
			children = (
				88CE01692969760A003169B5 /* ViewModel */,
				88E712B12912C28B00E54378 /* ProductListCollectionViewLayout.swift */,
			);
			path = ProductListCollectionViewLayout;
			sourceTree = "<group>";
		};
		88CE0167296975D2003169B5 /* ProductListCollectionViewCell */ = {
			isa = PBXGroup;
			children = (
				88CE016829697601003169B5 /* ViewModel */,
				889CCD6F29139100008D1E2F /* ProductListCollectionViewCell.swift */,
			);
			path = ProductListCollectionViewCell;
			sourceTree = "<group>";
		};
		88CE016829697601003169B5 /* ViewModel */ = {
			isa = PBXGroup;
			children = (
				88CE016029697043003169B5 /* ProductListCollectionViewCellViewModel+Interface.swift */,
				88CE016229697057003169B5 /* ProductListCollectionViewCellViewModelInterface.swift */,
			);
			path = ViewModel;
			sourceTree = "<group>";
		};
		88CE01692969760A003169B5 /* ViewModel */ = {
			isa = PBXGroup;
			children = (
				88CE016E29697660003169B5 /* ProductListCollectionViewLayoutViewModelInterface.swift */,
				88CE01762969B73A003169B5 /* ProductListViewModel+CollectionViewLayoutViewModelInterface.swift */,
			);
			path = ViewModel;
			sourceTree = "<group>";
		};
		88CE016A29697612003169B5 /* ViewModel */ = {
			isa = PBXGroup;
			children = (
				88CE016C29697646003169B5 /* ProductListCollectionViewModelInterface.swift */,
				88CE01742969B6F8003169B5 /* ProductListViewModel+CollectionViewModelInterface.swift */,
			);
			path = ViewModel;
			sourceTree = "<group>";
		};
		88CE016B2969761A003169B5 /* ViewModel */ = {
			isa = PBXGroup;
			children = (
				887D54A02953046400DA2F15 /* ProductListViewModelInterface.swift */,
				887D549E2953044000DA2F15 /* ProductListViewModel+Interface.swift */,
			);
			path = ViewModel;
			sourceTree = "<group>";
		};
		88D217882964567900715D2F /* Utils */ = {
			isa = PBXGroup;
			children = (
				88C6A0A62967D10C0027BDD3 /* InputStreamDataTransfer.swift */,
				88C6A0A92967D2780027BDD3 /* OutputStreamDataTransfer.swift */,
				88D21789296456DC00715D2F /* OutputStreamCompletionHandler.swift */,
			);
			path = Utils;
			sourceTree = "<group>";
		};
		CB07073260E2E57D23CBC4B2 /* Frameworks */ = {
			isa = PBXGroup;
			children = (
				87AAE45A0A5EAE0B6E8BBD4E /* Pods_front_end.framework */,
				1D3EF1E5A38443B55828AFAD /* Pods_front_end_front_endUITests.framework */,
				3C01433575DCFF3D0B52FBE6 /* Pods_front_endTests.framework */,
			);
			name = Frameworks;
			sourceTree = "<group>";
		};
/* End PBXGroup section */

/* Begin PBXNativeTarget section */
		8870DC9C28E5701E005328C0 /* front-end */ = {
			isa = PBXNativeTarget;
			buildConfigurationList = 8870DCC728E57020005328C0 /* Build configuration list for PBXNativeTarget "front-end" */;
			buildPhases = (
				6B5066EE5FAB5FC7C53C0B12 /* [CP] Check Pods Manifest.lock */,
				8870DC9928E5701E005328C0 /* Sources */,
				8870DC9A28E5701E005328C0 /* Frameworks */,
				8870DC9B28E5701E005328C0 /* Resources */,
				732183D179D32DE1FCCBAA27 /* [CP] Embed Pods Frameworks */,
			);
			buildRules = (
			);
			dependencies = (
			);
			name = "front-end";
			productName = "front-end";
			productReference = 8870DC9D28E5701E005328C0 /* front-end-DEBUG.app */;
			productType = "com.apple.product-type.application";
		};
		8870DCB228E57020005328C0 /* front-endTests */ = {
			isa = PBXNativeTarget;
			buildConfigurationList = 8870DCCA28E57020005328C0 /* Build configuration list for PBXNativeTarget "front-endTests" */;
			buildPhases = (
				80CF246B0E48089E5E084503 /* [CP] Check Pods Manifest.lock */,
				8870DCAF28E57020005328C0 /* Sources */,
				8870DCB028E57020005328C0 /* Frameworks */,
				8870DCB128E57020005328C0 /* Resources */,
			);
			buildRules = (
			);
			dependencies = (
				8870DCB528E57020005328C0 /* PBXTargetDependency */,
			);
			name = "front-endTests";
			productName = "front-endTests";
			productReference = 8870DCB328E57020005328C0 /* front-endTests.xctest */;
			productType = "com.apple.product-type.bundle.unit-test";
		};
		8870DCBC28E57020005328C0 /* front-endUITests */ = {
			isa = PBXNativeTarget;
			buildConfigurationList = 8870DCCD28E57020005328C0 /* Build configuration list for PBXNativeTarget "front-endUITests" */;
			buildPhases = (
				D7C605C0C9819A5E277648CE /* [CP] Check Pods Manifest.lock */,
				8870DCB928E57020005328C0 /* Sources */,
				8870DCBA28E57020005328C0 /* Frameworks */,
				8870DCBB28E57020005328C0 /* Resources */,
				93D60F061B0FD5DA022EC820 /* [CP] Embed Pods Frameworks */,
			);
			buildRules = (
			);
			dependencies = (
				8870DCBF28E57020005328C0 /* PBXTargetDependency */,
			);
			name = "front-endUITests";
			productName = "front-endUITests";
			productReference = 8870DCBD28E57020005328C0 /* front-endUITests.xctest */;
			productType = "com.apple.product-type.bundle.ui-testing";
		};
/* End PBXNativeTarget section */

/* Begin PBXProject section */
		8870DC9528E5701E005328C0 /* Project object */ = {
			isa = PBXProject;
			attributes = {
				BuildIndependentTargetsInParallel = 1;
				LastSwiftUpdateCheck = 1310;
				LastUpgradeCheck = 1310;
				TargetAttributes = {
					8870DC9C28E5701E005328C0 = {
						CreatedOnToolsVersion = 13.1;
					};
					8870DCB228E57020005328C0 = {
						CreatedOnToolsVersion = 13.1;
						TestTargetID = 8870DC9C28E5701E005328C0;
					};
					8870DCBC28E57020005328C0 = {
						CreatedOnToolsVersion = 13.1;
						TestTargetID = 8870DC9C28E5701E005328C0;
					};
				};
			};
			buildConfigurationList = 8870DC9828E5701E005328C0 /* Build configuration list for PBXProject "front-end" */;
			compatibilityVersion = "Xcode 13.0";
			developmentRegion = en;
			hasScannedForEncodings = 0;
			knownRegions = (
				en,
				Base,
			);
			mainGroup = 8870DC9428E5701E005328C0;
			productRefGroup = 8870DC9E28E5701E005328C0 /* Products */;
			projectDirPath = "";
			projectRoot = "";
			targets = (
				8870DC9C28E5701E005328C0 /* front-end */,
				8870DCB228E57020005328C0 /* front-endTests */,
				8870DCBC28E57020005328C0 /* front-endUITests */,
			);
		};
/* End PBXProject section */

/* Begin PBXResourcesBuildPhase section */
		8870DC9B28E5701E005328C0 /* Resources */ = {
			isa = PBXResourcesBuildPhase;
			buildActionMask = 2147483647;
			files = (
				88769C2D2939074200FDA06A /* ImageTest.json in Resources */,
				881AEC00295200CF004A7CDA /* FetchingProductsListTestDataTwo.json in Resources */,
				8870DCAD28E57020005328C0 /* LaunchScreen.storyboard in Resources */,
				8870DCAA28E57020005328C0 /* Assets.xcassets in Resources */,
				881AEBFC29519622004A7CDA /* StreamingProductPriceListTestData.json in Resources */,
				889CCD7229139B65008D1E2F /* FetchingProductsListTestData.json in Resources */,
			);
			runOnlyForDeploymentPostprocessing = 0;
		};
		8870DCB128E57020005328C0 /* Resources */ = {
			isa = PBXResourcesBuildPhase;
			buildActionMask = 2147483647;
			files = (
			);
			runOnlyForDeploymentPostprocessing = 0;
		};
		8870DCBB28E57020005328C0 /* Resources */ = {
			isa = PBXResourcesBuildPhase;
			buildActionMask = 2147483647;
			files = (
			);
			runOnlyForDeploymentPostprocessing = 0;
		};
/* End PBXResourcesBuildPhase section */

/* Begin PBXShellScriptBuildPhase section */
		6B5066EE5FAB5FC7C53C0B12 /* [CP] Check Pods Manifest.lock */ = {
			isa = PBXShellScriptBuildPhase;
			buildActionMask = 2147483647;
			files = (
			);
			inputFileListPaths = (
			);
			inputPaths = (
				"${PODS_PODFILE_DIR_PATH}/Podfile.lock",
				"${PODS_ROOT}/Manifest.lock",
			);
			name = "[CP] Check Pods Manifest.lock";
			outputFileListPaths = (
			);
			outputPaths = (
				"$(DERIVED_FILE_DIR)/Pods-front-end-checkManifestLockResult.txt",
			);
			runOnlyForDeploymentPostprocessing = 0;
			shellPath = /bin/sh;
			shellScript = "diff \"${PODS_PODFILE_DIR_PATH}/Podfile.lock\" \"${PODS_ROOT}/Manifest.lock\" > /dev/null\nif [ $? != 0 ] ; then\n    # print error to STDERR\n    echo \"error: The sandbox is not in sync with the Podfile.lock. Run 'pod install' or update your CocoaPods installation.\" >&2\n    exit 1\nfi\n# This output is used by Xcode 'outputs' to avoid re-running this script phase.\necho \"SUCCESS\" > \"${SCRIPT_OUTPUT_FILE_0}\"\n";
			showEnvVarsInLog = 0;
		};
		732183D179D32DE1FCCBAA27 /* [CP] Embed Pods Frameworks */ = {
			isa = PBXShellScriptBuildPhase;
			buildActionMask = 2147483647;
			files = (
			);
			inputFileListPaths = (
				"${PODS_ROOT}/Target Support Files/Pods-front-end/Pods-front-end-frameworks-${CONFIGURATION}-input-files.xcfilelist",
			);
			name = "[CP] Embed Pods Frameworks";
			outputFileListPaths = (
				"${PODS_ROOT}/Target Support Files/Pods-front-end/Pods-front-end-frameworks-${CONFIGURATION}-output-files.xcfilelist",
			);
			runOnlyForDeploymentPostprocessing = 0;
			shellPath = /bin/sh;
			shellScript = "\"${PODS_ROOT}/Target Support Files/Pods-front-end/Pods-front-end-frameworks.sh\"\n";
			showEnvVarsInLog = 0;
		};
		80CF246B0E48089E5E084503 /* [CP] Check Pods Manifest.lock */ = {
			isa = PBXShellScriptBuildPhase;
			buildActionMask = 2147483647;
			files = (
			);
			inputFileListPaths = (
			);
			inputPaths = (
				"${PODS_PODFILE_DIR_PATH}/Podfile.lock",
				"${PODS_ROOT}/Manifest.lock",
			);
			name = "[CP] Check Pods Manifest.lock";
			outputFileListPaths = (
			);
			outputPaths = (
				"$(DERIVED_FILE_DIR)/Pods-front-endTests-checkManifestLockResult.txt",
			);
			runOnlyForDeploymentPostprocessing = 0;
			shellPath = /bin/sh;
			shellScript = "diff \"${PODS_PODFILE_DIR_PATH}/Podfile.lock\" \"${PODS_ROOT}/Manifest.lock\" > /dev/null\nif [ $? != 0 ] ; then\n    # print error to STDERR\n    echo \"error: The sandbox is not in sync with the Podfile.lock. Run 'pod install' or update your CocoaPods installation.\" >&2\n    exit 1\nfi\n# This output is used by Xcode 'outputs' to avoid re-running this script phase.\necho \"SUCCESS\" > \"${SCRIPT_OUTPUT_FILE_0}\"\n";
			showEnvVarsInLog = 0;
		};
		93D60F061B0FD5DA022EC820 /* [CP] Embed Pods Frameworks */ = {
			isa = PBXShellScriptBuildPhase;
			buildActionMask = 2147483647;
			files = (
			);
			inputFileListPaths = (
				"${PODS_ROOT}/Target Support Files/Pods-front-end-front-endUITests/Pods-front-end-front-endUITests-frameworks-${CONFIGURATION}-input-files.xcfilelist",
			);
			name = "[CP] Embed Pods Frameworks";
			outputFileListPaths = (
				"${PODS_ROOT}/Target Support Files/Pods-front-end-front-endUITests/Pods-front-end-front-endUITests-frameworks-${CONFIGURATION}-output-files.xcfilelist",
			);
			runOnlyForDeploymentPostprocessing = 0;
			shellPath = /bin/sh;
			shellScript = "\"${PODS_ROOT}/Target Support Files/Pods-front-end-front-endUITests/Pods-front-end-front-endUITests-frameworks.sh\"\n";
			showEnvVarsInLog = 0;
		};
		D7C605C0C9819A5E277648CE /* [CP] Check Pods Manifest.lock */ = {
			isa = PBXShellScriptBuildPhase;
			buildActionMask = 2147483647;
			files = (
			);
			inputFileListPaths = (
			);
			inputPaths = (
				"${PODS_PODFILE_DIR_PATH}/Podfile.lock",
				"${PODS_ROOT}/Manifest.lock",
			);
			name = "[CP] Check Pods Manifest.lock";
			outputFileListPaths = (
			);
			outputPaths = (
				"$(DERIVED_FILE_DIR)/Pods-front-end-front-endUITests-checkManifestLockResult.txt",
			);
			runOnlyForDeploymentPostprocessing = 0;
			shellPath = /bin/sh;
			shellScript = "diff \"${PODS_PODFILE_DIR_PATH}/Podfile.lock\" \"${PODS_ROOT}/Manifest.lock\" > /dev/null\nif [ $? != 0 ] ; then\n    # print error to STDERR\n    echo \"error: The sandbox is not in sync with the Podfile.lock. Run 'pod install' or update your CocoaPods installation.\" >&2\n    exit 1\nfi\n# This output is used by Xcode 'outputs' to avoid re-running this script phase.\necho \"SUCCESS\" > \"${SCRIPT_OUTPUT_FILE_0}\"\n";
			showEnvVarsInLog = 0;
		};
/* End PBXShellScriptBuildPhase section */

/* Begin PBXSourcesBuildPhase section */
		8870DC9928E5701E005328C0 /* Sources */ = {
			isa = PBXSourcesBuildPhase;
			buildActionMask = 2147483647;
			files = (
				8887D1582935BF78005DA3C6 /* SetCoordinatorViewController.swift in Sources */,
				8887D1562935A8EA005DA3C6 /* HasParentCoordinator.swift in Sources */,
				88D2178A296456DC00715D2F /* OutputStreamCompletionHandler.swift in Sources */,
				88CE016F29697660003169B5 /* ProductListCollectionViewLayoutViewModelInterface.swift in Sources */,
				887D549F2953044000DA2F15 /* ProductListViewModel+Interface.swift in Sources */,
				8897C462292CC22100823980 /* StreamPrice.swift in Sources */,
				8887D1542935A6E5005DA3C6 /* TransitioningViewController.swift in Sources */,
				8870DCA528E5701E005328C0 /* ViewController.swift in Sources */,
				8897C46D292CC8D300823980 /* GetProductsList.swift in Sources */,
				88A7FF49295B163200F2E9CD /* SocketNWConnection+SocketNetworkInterface.swift in Sources */,
				88C6A0A72967D10C0027BDD3 /* InputStreamDataTransfer.swift in Sources */,
				887D549D295303DA00DA2F15 /* ProductListUsecase+Interface.swift in Sources */,
				88AD9E4029289C0500040DC8 /* SceneDIContainer.swift in Sources */,
				888B4D2B292F43F100784E46 /* AppCoordinator.swift in Sources */,
				88E712B22912C28B00E54378 /* ProductListCollectionViewLayout.swift in Sources */,
				88CE016129697043003169B5 /* ProductListCollectionViewCellViewModel+Interface.swift in Sources */,
				882CBE8029083DC400550A8E /* ProductListViewController.swift in Sources */,
				887D54A12953046400DA2F15 /* ProductListViewModelInterface.swift in Sources */,
				8887D1602936227B005DA3C6 /* TransitionProductListViewController.swift in Sources */,
				8887D14E2935A621005DA3C6 /* HasChildCoordinator.swift in Sources */,
				8874F4CE29373D55003981C3 /* ProductImageUseCase+Interface.swift in Sources */,
				882CBE772908285C00550A8E /* Product.swift in Sources */,
				88C6A0AA2967D2780027BDD3 /* OutputStreamDataTransfer.swift in Sources */,
				888B4D28292F435F00784E46 /* DetailProductViewController.swift in Sources */,
				8874F4CA2937394D003981C3 /* ProductImageUsecaseInterface.swift in Sources */,
				888B4D32292F455A00784E46 /* DetailProductViewCoordinator.swift in Sources */,
				88CE0171296983F0003169B5 /* ProductImageCacheRepository.swift in Sources */,
				887D549B295301D200DA2F15 /* ProductListRepository+Interface.swift in Sources */,
				889EE5DC290A41760041CC88 /* ProductsListAPI+GetProductsList.swift in Sources */,
				8897C45A292CC09300823980 /* SocketNetworkInterface.swift in Sources */,
				8878025929434BF0009F4F9A /* ProductImageRepositoryInterface.swift in Sources */,
				88CE016329697057003169B5 /* ProductListCollectionViewCellViewModelInterface.swift in Sources */,
				8887D1512935A65C005DA3C6 /* MainContainerViewController.swift in Sources */,
				8878025729434399009F4F9A /* ProductImageRepository+Interface.swift in Sources */,
				889CCD7029139100008D1E2F /* ProductListCollectionViewCell.swift in Sources */,
				8897C45E292CC0CB00823980 /* SocketNetwork+SocketNetworkInterface.swift in Sources */,
				888B4D2E292F44E100784E46 /* Coordinator.swift in Sources */,
				8870DCA128E5701E005328C0 /* AppDelegate.swift in Sources */,
				88CE01772969B73A003169B5 /* ProductListViewModel+CollectionViewLayoutViewModelInterface.swift in Sources */,
				8887D15D2936223F005DA3C6 /* TransitionDetailProductViewController.swift in Sources */,
				889CCD7429139BC3008D1E2F /* MockProductsListAPI.swift in Sources */,
				88E712AE2912C16000E54378 /* ProductListCollectionView.swift in Sources */,
				88BF04C129557CDB001F7725 /* ProductListUsecaseInterface.swift in Sources */,
				88CE016D29697646003169B5 /* ProductListCollectionViewModelInterface.swift in Sources */,
				888B4D30292F453B00784E46 /* ProductListViewCoordinator.swift in Sources */,
				8878025D29439B66009F4F9A /* ProductImageAPI+GetProductImage.swift in Sources */,
				88BF04C529557F01001F7725 /* ProductListRepositoryInterface.swift in Sources */,
				88CE01732969840A003169B5 /* ProductImageCacheRepositoryInterface.swift in Sources */,
				8870DCA328E5701E005328C0 /* SceneDelegate.swift in Sources */,
				88CE01752969B6F8003169B5 /* ProductListViewModel+CollectionViewModelInterface.swift in Sources */,
			);
			runOnlyForDeploymentPostprocessing = 0;
		};
		8870DCAF28E57020005328C0 /* Sources */ = {
			isa = PBXSourcesBuildPhase;
			buildActionMask = 2147483647;
			files = (
				8870DCB828E57020005328C0 /* front_endTests.swift in Sources */,
			);
			runOnlyForDeploymentPostprocessing = 0;
		};
		8870DCB928E57020005328C0 /* Sources */ = {
			isa = PBXSourcesBuildPhase;
			buildActionMask = 2147483647;
			files = (
				8870DCC428E57020005328C0 /* front_endUITestsLaunchTests.swift in Sources */,
				8870DCC228E57020005328C0 /* front_endUITests.swift in Sources */,
			);
			runOnlyForDeploymentPostprocessing = 0;
		};
/* End PBXSourcesBuildPhase section */

/* Begin PBXTargetDependency section */
		8870DCB528E57020005328C0 /* PBXTargetDependency */ = {
			isa = PBXTargetDependency;
			target = 8870DC9C28E5701E005328C0 /* front-end */;
			targetProxy = 8870DCB428E57020005328C0 /* PBXContainerItemProxy */;
		};
		8870DCBF28E57020005328C0 /* PBXTargetDependency */ = {
			isa = PBXTargetDependency;
			target = 8870DC9C28E5701E005328C0 /* front-end */;
			targetProxy = 8870DCBE28E57020005328C0 /* PBXContainerItemProxy */;
		};
/* End PBXTargetDependency section */

/* Begin PBXVariantGroup section */
		8870DCAB28E57020005328C0 /* LaunchScreen.storyboard */ = {
			isa = PBXVariantGroup;
			children = (
				8870DCAC28E57020005328C0 /* Base */,
			);
			name = LaunchScreen.storyboard;
			sourceTree = "<group>";
		};
/* End PBXVariantGroup section */

/* Begin XCBuildConfiguration section */
		8870DCC528E57020005328C0 /* Debug */ = {
			isa = XCBuildConfiguration;
			buildSettings = {
				ALWAYS_SEARCH_USER_PATHS = NO;
				CLANG_ANALYZER_NONNULL = YES;
				CLANG_ANALYZER_NUMBER_OBJECT_CONVERSION = YES_AGGRESSIVE;
				CLANG_CXX_LANGUAGE_STANDARD = "gnu++17";
				CLANG_CXX_LIBRARY = "libc++";
				CLANG_ENABLE_MODULES = YES;
				CLANG_ENABLE_OBJC_ARC = YES;
				CLANG_ENABLE_OBJC_WEAK = YES;
				CLANG_WARN_BLOCK_CAPTURE_AUTORELEASING = YES;
				CLANG_WARN_BOOL_CONVERSION = YES;
				CLANG_WARN_COMMA = YES;
				CLANG_WARN_CONSTANT_CONVERSION = YES;
				CLANG_WARN_DEPRECATED_OBJC_IMPLEMENTATIONS = YES;
				CLANG_WARN_DIRECT_OBJC_ISA_USAGE = YES_ERROR;
				CLANG_WARN_DOCUMENTATION_COMMENTS = YES;
				CLANG_WARN_EMPTY_BODY = YES;
				CLANG_WARN_ENUM_CONVERSION = YES;
				CLANG_WARN_INFINITE_RECURSION = YES;
				CLANG_WARN_INT_CONVERSION = YES;
				CLANG_WARN_NON_LITERAL_NULL_CONVERSION = YES;
				CLANG_WARN_OBJC_IMPLICIT_RETAIN_SELF = YES;
				CLANG_WARN_OBJC_LITERAL_CONVERSION = YES;
				CLANG_WARN_OBJC_ROOT_CLASS = YES_ERROR;
				CLANG_WARN_QUOTED_INCLUDE_IN_FRAMEWORK_HEADER = YES;
				CLANG_WARN_RANGE_LOOP_ANALYSIS = YES;
				CLANG_WARN_STRICT_PROTOTYPES = YES;
				CLANG_WARN_SUSPICIOUS_MOVE = YES;
				CLANG_WARN_UNGUARDED_AVAILABILITY = YES_AGGRESSIVE;
				CLANG_WARN_UNREACHABLE_CODE = YES;
				CLANG_WARN__DUPLICATE_METHOD_MATCH = YES;
				COPY_PHASE_STRIP = NO;
				DEBUG_INFORMATION_FORMAT = dwarf;
				ENABLE_STRICT_OBJC_MSGSEND = YES;
				ENABLE_TESTABILITY = YES;
				GCC_C_LANGUAGE_STANDARD = gnu11;
				GCC_DYNAMIC_NO_PIC = NO;
				GCC_NO_COMMON_BLOCKS = YES;
				GCC_OPTIMIZATION_LEVEL = 0;
				GCC_PREPROCESSOR_DEFINITIONS = (
					"DEBUG=1",
					"$(inherited)",
				);
				GCC_WARN_64_TO_32_BIT_CONVERSION = YES;
				GCC_WARN_ABOUT_RETURN_TYPE = YES_ERROR;
				GCC_WARN_UNDECLARED_SELECTOR = YES;
				GCC_WARN_UNINITIALIZED_AUTOS = YES_AGGRESSIVE;
				GCC_WARN_UNUSED_FUNCTION = YES;
				GCC_WARN_UNUSED_VARIABLE = YES;
				IPHONEOS_DEPLOYMENT_TARGET = 15.0;
				MTL_ENABLE_DEBUG_INFO = INCLUDE_SOURCE;
				MTL_FAST_MATH = YES;
				ONLY_ACTIVE_ARCH = YES;
				SDKROOT = iphoneos;
				SWIFT_ACTIVE_COMPILATION_CONDITIONS = DEBUGssasdasd;
				SWIFT_OPTIMIZATION_LEVEL = "-Onone";
			};
			name = Debug;
		};
		8870DCC628E57020005328C0 /* Release */ = {
			isa = XCBuildConfiguration;
			buildSettings = {
				ALWAYS_SEARCH_USER_PATHS = NO;
				CLANG_ANALYZER_NONNULL = YES;
				CLANG_ANALYZER_NUMBER_OBJECT_CONVERSION = YES_AGGRESSIVE;
				CLANG_CXX_LANGUAGE_STANDARD = "gnu++17";
				CLANG_CXX_LIBRARY = "libc++";
				CLANG_ENABLE_MODULES = YES;
				CLANG_ENABLE_OBJC_ARC = YES;
				CLANG_ENABLE_OBJC_WEAK = YES;
				CLANG_WARN_BLOCK_CAPTURE_AUTORELEASING = YES;
				CLANG_WARN_BOOL_CONVERSION = YES;
				CLANG_WARN_COMMA = YES;
				CLANG_WARN_CONSTANT_CONVERSION = YES;
				CLANG_WARN_DEPRECATED_OBJC_IMPLEMENTATIONS = YES;
				CLANG_WARN_DIRECT_OBJC_ISA_USAGE = YES_ERROR;
				CLANG_WARN_DOCUMENTATION_COMMENTS = YES;
				CLANG_WARN_EMPTY_BODY = YES;
				CLANG_WARN_ENUM_CONVERSION = YES;
				CLANG_WARN_INFINITE_RECURSION = YES;
				CLANG_WARN_INT_CONVERSION = YES;
				CLANG_WARN_NON_LITERAL_NULL_CONVERSION = YES;
				CLANG_WARN_OBJC_IMPLICIT_RETAIN_SELF = YES;
				CLANG_WARN_OBJC_LITERAL_CONVERSION = YES;
				CLANG_WARN_OBJC_ROOT_CLASS = YES_ERROR;
				CLANG_WARN_QUOTED_INCLUDE_IN_FRAMEWORK_HEADER = YES;
				CLANG_WARN_RANGE_LOOP_ANALYSIS = YES;
				CLANG_WARN_STRICT_PROTOTYPES = YES;
				CLANG_WARN_SUSPICIOUS_MOVE = YES;
				CLANG_WARN_UNGUARDED_AVAILABILITY = YES_AGGRESSIVE;
				CLANG_WARN_UNREACHABLE_CODE = YES;
				CLANG_WARN__DUPLICATE_METHOD_MATCH = YES;
				COPY_PHASE_STRIP = NO;
				DEBUG_INFORMATION_FORMAT = "dwarf-with-dsym";
				ENABLE_NS_ASSERTIONS = NO;
				ENABLE_STRICT_OBJC_MSGSEND = YES;
				GCC_C_LANGUAGE_STANDARD = gnu11;
				GCC_NO_COMMON_BLOCKS = YES;
				GCC_WARN_64_TO_32_BIT_CONVERSION = YES;
				GCC_WARN_ABOUT_RETURN_TYPE = YES_ERROR;
				GCC_WARN_UNDECLARED_SELECTOR = YES;
				GCC_WARN_UNINITIALIZED_AUTOS = YES_AGGRESSIVE;
				GCC_WARN_UNUSED_FUNCTION = YES;
				GCC_WARN_UNUSED_VARIABLE = YES;
				IPHONEOS_DEPLOYMENT_TARGET = 15.0;
				MTL_ENABLE_DEBUG_INFO = NO;
				MTL_FAST_MATH = YES;
				SDKROOT = iphoneos;
				SWIFT_ACTIVE_COMPILATION_CONDITIONS = "";
				SWIFT_COMPILATION_MODE = wholemodule;
				SWIFT_OPTIMIZATION_LEVEL = "-O";
				VALIDATE_PRODUCT = YES;
			};
			name = Release;
		};
		8870DCC828E57020005328C0 /* Debug */ = {
			isa = XCBuildConfiguration;
			baseConfigurationReference = 889532C828E5833F00C3293F /* DEBUG_Configuration.xcconfig */;
			buildSettings = {
				ASSETCATALOG_COMPILER_APPICON_NAME = AppIcon;
				ASSETCATALOG_COMPILER_GLOBAL_ACCENT_COLOR_NAME = AccentColor;
				CODE_SIGN_STYLE = Automatic;
				CURRENT_PROJECT_VERSION = 1;
				DEVELOPMENT_TEAM = U44Q63XXCC;
				GENERATE_INFOPLIST_FILE = YES;
				INFOPLIST_FILE = "front-end/Application/Info.plist";
				INFOPLIST_KEY_UIApplicationSupportsIndirectInputEvents = YES;
				INFOPLIST_KEY_UILaunchStoryboardName = LaunchScreen;
				INFOPLIST_KEY_UISupportedInterfaceOrientations_iPad = "UIInterfaceOrientationPortrait UIInterfaceOrientationPortraitUpsideDown UIInterfaceOrientationLandscapeLeft UIInterfaceOrientationLandscapeRight";
				INFOPLIST_KEY_UISupportedInterfaceOrientations_iPhone = "UIInterfaceOrientationPortrait UIInterfaceOrientationLandscapeLeft UIInterfaceOrientationLandscapeRight";
				IPHONEOS_DEPLOYMENT_TARGET = 15.0;
				LD_RUNPATH_SEARCH_PATHS = (
					"$(inherited)",
					"@executable_path/Frameworks",
				);
				MARKETING_VERSION = 1.0;
				PRODUCT_BUNDLE_IDENTIFIER = "com.develoooper.front-end.debug";
				PRODUCT_NAME = "$(TARGET_NAME)-DEBUG";
				SWIFT_ACTIVE_COMPILATION_CONDITIONS = awdad;
				SWIFT_EMIT_LOC_STRINGS = YES;
				SWIFT_VERSION = 5.0;
				TARGETED_DEVICE_FAMILY = "1,2";
			};
			name = Debug;
		};
		8870DCC928E57020005328C0 /* Release */ = {
			isa = XCBuildConfiguration;
			baseConfigurationReference = 88A34F6D28E6E3FF0067209F /* Release_Configuration.xcconfig */;
			buildSettings = {
				ASSETCATALOG_COMPILER_APPICON_NAME = AppIcon;
				ASSETCATALOG_COMPILER_GLOBAL_ACCENT_COLOR_NAME = AccentColor;
				CODE_SIGN_STYLE = Automatic;
				CURRENT_PROJECT_VERSION = 1;
				DEVELOPMENT_TEAM = U44Q63XXCC;
				GENERATE_INFOPLIST_FILE = YES;
				INFOPLIST_FILE = "front-end/Application/Info.plist";
				INFOPLIST_KEY_UIApplicationSupportsIndirectInputEvents = YES;
				INFOPLIST_KEY_UILaunchStoryboardName = LaunchScreen;
				INFOPLIST_KEY_UISupportedInterfaceOrientations_iPad = "UIInterfaceOrientationPortrait UIInterfaceOrientationPortraitUpsideDown UIInterfaceOrientationLandscapeLeft UIInterfaceOrientationLandscapeRight";
				INFOPLIST_KEY_UISupportedInterfaceOrientations_iPhone = "UIInterfaceOrientationPortrait UIInterfaceOrientationLandscapeLeft UIInterfaceOrientationLandscapeRight";
				IPHONEOS_DEPLOYMENT_TARGET = 15.0;
				LD_RUNPATH_SEARCH_PATHS = (
					"$(inherited)",
					"@executable_path/Frameworks",
				);
				MARKETING_VERSION = 1.0;
				PRODUCT_BUNDLE_IDENTIFIER = "com.develoooper.front-end.release";
				PRODUCT_NAME = "$(TARGET_NAME)-RELEASE";
				SWIFT_ACTIVE_COMPILATION_CONDITIONS = RELEASE;
				SWIFT_EMIT_LOC_STRINGS = YES;
				SWIFT_VERSION = 5.0;
				TARGETED_DEVICE_FAMILY = "1,2";
			};
			name = Release;
		};
		8870DCCB28E57020005328C0 /* Debug */ = {
			isa = XCBuildConfiguration;
			baseConfigurationReference = 56E313DACEA5D18E890E0DDE /* Pods-front-endTests.debug.xcconfig */;
			buildSettings = {
				ALWAYS_EMBED_SWIFT_STANDARD_LIBRARIES = YES;
				BUNDLE_LOADER = "$(TEST_HOST)";
				CODE_SIGN_STYLE = Automatic;
				CURRENT_PROJECT_VERSION = 1;
				DEVELOPMENT_TEAM = U44Q63XXCC;
				GENERATE_INFOPLIST_FILE = YES;
				IPHONEOS_DEPLOYMENT_TARGET = 15.0;
				LD_RUNPATH_SEARCH_PATHS = (
					"$(inherited)",
					"@executable_path/Frameworks",
					"@loader_path/Frameworks",
				);
				MARKETING_VERSION = 1.0;
				PRODUCT_BUNDLE_IDENTIFIER = "com.develoooper.front-endTests";
				PRODUCT_NAME = "$(TARGET_NAME)";
				SWIFT_EMIT_LOC_STRINGS = NO;
				SWIFT_VERSION = 5.0;
				TARGETED_DEVICE_FAMILY = "1,2";
				TEST_HOST = "$(BUILT_PRODUCTS_DIR)/front-end-DEBUG.app/front-end-DEBUG";
			};
			name = Debug;
		};
		8870DCCC28E57020005328C0 /* Release */ = {
			isa = XCBuildConfiguration;
			baseConfigurationReference = C106EA739AEFD2580B4EFDAC /* Pods-front-endTests.release.xcconfig */;
			buildSettings = {
				ALWAYS_EMBED_SWIFT_STANDARD_LIBRARIES = YES;
				BUNDLE_LOADER = "$(TEST_HOST)";
				CODE_SIGN_STYLE = Automatic;
				CURRENT_PROJECT_VERSION = 1;
				DEVELOPMENT_TEAM = U44Q63XXCC;
				GENERATE_INFOPLIST_FILE = YES;
				IPHONEOS_DEPLOYMENT_TARGET = 15.0;
				LD_RUNPATH_SEARCH_PATHS = (
					"$(inherited)",
					"@executable_path/Frameworks",
					"@loader_path/Frameworks",
				);
				MARKETING_VERSION = 1.0;
				PRODUCT_BUNDLE_IDENTIFIER = "com.develoooper.front-endTests";
				PRODUCT_NAME = "$(TARGET_NAME)";
				SWIFT_EMIT_LOC_STRINGS = NO;
				SWIFT_VERSION = 5.0;
				TARGETED_DEVICE_FAMILY = "1,2";
				TEST_HOST = "$(BUILT_PRODUCTS_DIR)/front-end.app/front-end";
			};
			name = Release;
		};
		8870DCCE28E57020005328C0 /* Debug */ = {
			isa = XCBuildConfiguration;
			baseConfigurationReference = 829F5E3BBD8EC133D400B1C7 /* Pods-front-end-front-endUITests.debug.xcconfig */;
			buildSettings = {
				ALWAYS_EMBED_SWIFT_STANDARD_LIBRARIES = YES;
				CODE_SIGN_STYLE = Automatic;
				CURRENT_PROJECT_VERSION = 1;
				DEVELOPMENT_TEAM = U44Q63XXCC;
				GENERATE_INFOPLIST_FILE = YES;
				LD_RUNPATH_SEARCH_PATHS = (
					"$(inherited)",
					"@executable_path/Frameworks",
					"@loader_path/Frameworks",
				);
				MARKETING_VERSION = 1.0;
				PRODUCT_BUNDLE_IDENTIFIER = "com.develoooper.front-endUITests";
				PRODUCT_NAME = "$(TARGET_NAME)";
				SWIFT_EMIT_LOC_STRINGS = NO;
				SWIFT_VERSION = 5.0;
				TARGETED_DEVICE_FAMILY = "1,2";
				TEST_TARGET_NAME = "front-end";
			};
			name = Debug;
		};
		8870DCCF28E57020005328C0 /* Release */ = {
			isa = XCBuildConfiguration;
			baseConfigurationReference = 0A88A6B9FE729D3BC4FE7BD5 /* Pods-front-end-front-endUITests.release.xcconfig */;
			buildSettings = {
				ALWAYS_EMBED_SWIFT_STANDARD_LIBRARIES = YES;
				CODE_SIGN_STYLE = Automatic;
				CURRENT_PROJECT_VERSION = 1;
				DEVELOPMENT_TEAM = U44Q63XXCC;
				GENERATE_INFOPLIST_FILE = YES;
				LD_RUNPATH_SEARCH_PATHS = (
					"$(inherited)",
					"@executable_path/Frameworks",
					"@loader_path/Frameworks",
				);
				MARKETING_VERSION = 1.0;
				PRODUCT_BUNDLE_IDENTIFIER = "com.develoooper.front-endUITests";
				PRODUCT_NAME = "$(TARGET_NAME)";
				SWIFT_EMIT_LOC_STRINGS = NO;
				SWIFT_VERSION = 5.0;
				TARGETED_DEVICE_FAMILY = "1,2";
				TEST_TARGET_NAME = "front-end";
			};
			name = Release;
		};
/* End XCBuildConfiguration section */

/* Begin XCConfigurationList section */
		8870DC9828E5701E005328C0 /* Build configuration list for PBXProject "front-end" */ = {
			isa = XCConfigurationList;
			buildConfigurations = (
				8870DCC528E57020005328C0 /* Debug */,
				8870DCC628E57020005328C0 /* Release */,
			);
			defaultConfigurationIsVisible = 0;
			defaultConfigurationName = Release;
		};
		8870DCC728E57020005328C0 /* Build configuration list for PBXNativeTarget "front-end" */ = {
			isa = XCConfigurationList;
			buildConfigurations = (
				8870DCC828E57020005328C0 /* Debug */,
				8870DCC928E57020005328C0 /* Release */,
			);
			defaultConfigurationIsVisible = 0;
			defaultConfigurationName = Release;
		};
		8870DCCA28E57020005328C0 /* Build configuration list for PBXNativeTarget "front-endTests" */ = {
			isa = XCConfigurationList;
			buildConfigurations = (
				8870DCCB28E57020005328C0 /* Debug */,
				8870DCCC28E57020005328C0 /* Release */,
			);
			defaultConfigurationIsVisible = 0;
			defaultConfigurationName = Release;
		};
		8870DCCD28E57020005328C0 /* Build configuration list for PBXNativeTarget "front-endUITests" */ = {
			isa = XCConfigurationList;
			buildConfigurations = (
				8870DCCE28E57020005328C0 /* Debug */,
				8870DCCF28E57020005328C0 /* Release */,
			);
			defaultConfigurationIsVisible = 0;
			defaultConfigurationName = Release;
		};
/* End XCConfigurationList section */
	};
	rootObject = 8870DC9528E5701E005328C0 /* Project object */;
}
