<?xml version="1.0" encoding="UTF-8"?>
<Scheme
   LastUpgradeVersion = "1420"
   version = "1.3">
   <BuildAction
      parallelizeBuildables = "YES"
      buildImplicitDependencies = "YES">
      <BuildActionEntries>
         <BuildActionEntry
            buildForTesting = "YES"
            buildForRunning = "YES"
            buildForProfiling = "YES"
            buildForArchiving = "YES"
            buildForAnalyzing = "YES">
            <BuildableReference
               BuildableIdentifier = "primary"
               BlueprintIdentifier = "8870DC9C28E5701E005328C0"
               BuildableName = "&#x1105;&#x1175;&#x11af;&#x1105;&#x1175;&#x1109;&#x1173;.app"
               BlueprintName = "Auction"
               ReferencedContainer = "container:Auction.xcodeproj">
            </BuildableReference>
         </BuildActionEntry>
      </BuildActionEntries>
   </BuildAction>
   <TestAction
      buildConfiguration = "cnf_Release"
      selectedDebuggerIdentifier = ""
      selectedLauncherIdentifier = "Xcode.IDEFoundation.Launcher.PosixSpawn"
      shouldUseLaunchSchemeArgsEnv = "YES">
      <Testables>
         <TestableReference
            skipped = "NO">
            <BuildableReference
               BuildableIdentifier = "primary"
               BlueprintIdentifier = "8870DCB228E57020005328C0"
               BuildableName = "AuctionTests.xctest"
               BlueprintName = "AuctionTests"
               ReferencedContainer = "container:Auction.xcodeproj">
            </BuildableReference>
         </TestableReference>
         <TestableReference
            skipped = "NO">
            <BuildableReference
               BuildableIdentifier = "primary"
               BlueprintIdentifier = "8870DCBC28E57020005328C0"
               BuildableName = "AuctionUITests.xctest"
               BlueprintName = "AuctionUITests"
               ReferencedContainer = "container:Auction.xcodeproj">
            </BuildableReference>
         </TestableReference>
      </Testables>
   </TestAction>
   <LaunchAction
      buildConfiguration = "cnf_Release"
      selectedDebuggerIdentifier = ""
      selectedLauncherIdentifier = "Xcode.IDEFoundation.Launcher.PosixSpawn"
      launchStyle = "0"
      useCustomWorkingDirectory = "NO"
      ignoresPersistentStateOnLaunch = "NO"
      debugDocumentVersioning = "YES"
      debugServiceExtension = "internal"
      allowLocationSimulation = "YES">
      <BuildableProductRunnable
         runnableDebuggingMode = "0">
         <BuildableReference
            BuildableIdentifier = "primary"
            BlueprintIdentifier = "8870DC9C28E5701E005328C0"
            BuildableName = "&#x1105;&#x1175;&#x11af;&#x1105;&#x1175;&#x1109;&#x1173;.app"
            BlueprintName = "Auction"
            ReferencedContainer = "container:Auction.xcodeproj">
         </BuildableReference>
      </BuildableProductRunnable>
   </LaunchAction>
   <ProfileAction
      buildConfiguration = "cnf_Release"
      shouldUseLaunchSchemeArgsEnv = "YES"
      savedToolIdentifier = ""
      useCustomWorkingDirectory = "NO"
      debugDocumentVersioning = "YES">
      <BuildableProductRunnable
         runnableDebuggingMode = "0">
         <BuildableReference
            BuildableIdentifier = "primary"
            BlueprintIdentifier = "8870DC9C28E5701E005328C0"
            BuildableName = "&#x1105;&#x1175;&#x11af;&#x1105;&#x1175;&#x1109;&#x1173;.app"
            BlueprintName = "Auction"
            ReferencedContainer = "container:Auction.xcodeproj">
         </BuildableReference>
      </BuildableProductRunnable>
   </ProfileAction>
   <AnalyzeAction
      buildConfiguration = "cnf_Release">
   </AnalyzeAction>
   <ArchiveAction
      buildConfiguration = "cnf_Release"
      revealArchiveInOrganizer = "YES">
   </ArchiveAction>
</Scheme>
